// !$*UTF8*$!
{
	archiveVersion = 1;
	classes = {
	};
	objectVersion = 56;
	objects = {

/* Begin PBXBuildFile section */
		3009201D2C8E353B007E7FD0 /* MouthCellView.swift in Sources */ = {isa = PBXBuildFile; fileRef = 3009201C2C8E353B007E7FD0 /* MouthCellView.swift */; };
		3051605D2C8CA9A6001EE377 /* CoachMate.xcdatamodeld in Sources */ = {isa = PBXBuildFile; fileRef = 3051605B2C8CA9A6001EE377 /* CoachMate.xcdatamodeld */; };
		3051605F2C8CAD5C001EE377 /* AddStudentView.swift in Sources */ = {isa = PBXBuildFile; fileRef = 3051605E2C8CAD5C001EE377 /* AddStudentView.swift */; };
		305160622C8CDF60001EE377 /* TrainingsView.swift in Sources */ = {isa = PBXBuildFile; fileRef = 305160612C8CDF60001EE377 /* TrainingsView.swift */; };
		305160642C8CE175001EE377 /* TrainingViewModel.swift in Sources */ = {isa = PBXBuildFile; fileRef = 305160632C8CE175001EE377 /* TrainingViewModel.swift */; };
		305160662C8CE61E001EE377 /* AddTrainingView.swift in Sources */ = {isa = PBXBuildFile; fileRef = 305160652C8CE61E001EE377 /* AddTrainingView.swift */; };
		305160682C8CE72C001EE377 /* MultiLineTF.swift in Sources */ = {isa = PBXBuildFile; fileRef = 305160672C8CE72C001EE377 /* MultiLineTF.swift */; };
		3051606A2C8E1757001EE377 /* TrainingCellView.swift in Sources */ = {isa = PBXBuildFile; fileRef = 305160692C8E1757001EE377 /* TrainingCellView.swift */; };
		3051606E2C8E1C32001EE377 /* TrainingView.swift in Sources */ = {isa = PBXBuildFile; fileRef = 3051606D2C8E1C32001EE377 /* TrainingView.swift */; };
		305160712C8E2B03001EE377 /* SettingView.swift in Sources */ = {isa = PBXBuildFile; fileRef = 305160702C8E2B03001EE377 /* SettingView.swift */; };
		305160732C8E2B3B001EE377 /* SettingButton.swift in Sources */ = {isa = PBXBuildFile; fileRef = 305160722C8E2B3B001EE377 /* SettingButton.swift */; };
		305160762C8E2B88001EE377 /* webView.swift in Sources */ = {isa = PBXBuildFile; fileRef = 305160742C8E2B87001EE377 /* webView.swift */; };
		305160772C8E2B88001EE377 /* WebViewPage.swift in Sources */ = {isa = PBXBuildFile; fileRef = 305160752C8E2B87001EE377 /* WebViewPage.swift */; };
		30724AA52C81A30000B329CE /* AppDelegate.swift in Sources */ = {isa = PBXBuildFile; fileRef = 30724AA42C81A30000B329CE /* AppDelegate.swift */; };
		30724AA72C81A30000B329CE /* SceneDelegate.swift in Sources */ = {isa = PBXBuildFile; fileRef = 30724AA62C81A30000B329CE /* SceneDelegate.swift */; };
		30724AA92C81A30000B329CE /* ViewController.swift in Sources */ = {isa = PBXBuildFile; fileRef = 30724AA82C81A30000B329CE /* ViewController.swift */; };
		30724AAC2C81A30000B329CE /* Base in Resources */ = {isa = PBXBuildFile; fileRef = 30724AAB2C81A30000B329CE /* Base */; };
		30724AAE2C81A30200B329CE /* Assets.xcassets in Resources */ = {isa = PBXBuildFile; fileRef = 30724AAD2C81A30200B329CE /* Assets.xcassets */; };
		30724AB12C81A30200B329CE /* Base in Resources */ = {isa = PBXBuildFile; fileRef = 30724AB02C81A30200B329CE /* Base */; };
		30724ABB2C81A58E00B329CE /* LoadingView.swift in Sources */ = {isa = PBXBuildFile; fileRef = 30724ABA2C81A58E00B329CE /* LoadingView.swift */; };
		30724ABE2C81A95E00B329CE /* CustomProgressBar.swift in Sources */ = {isa = PBXBuildFile; fileRef = 30724ABD2C81A95E00B329CE /* CustomProgressBar.swift */; };
		30724AC12C831D2F00B329CE /* StatisticsView.swift in Sources */ = {isa = PBXBuildFile; fileRef = 30724AC02C831D2F00B329CE /* StatisticsView.swift */; };
		30724AC32C83203E00B329CE /* StatisticCellView.swift in Sources */ = {isa = PBXBuildFile; fileRef = 30724AC22C83203E00B329CE /* StatisticCellView.swift */; };
		30724AC52C833FA000B329CE /* CustonButtonView.swift in Sources */ = {isa = PBXBuildFile; fileRef = 30724AC42C833FA000B329CE /* CustonButtonView.swift */; };
		30724AC82C83422B00B329CE /* StudentsView.swift in Sources */ = {isa = PBXBuildFile; fileRef = 30724AC72C83422B00B329CE /* StudentsView.swift */; };
		30724ACB2C83477800B329CE /* StudentViewModel.swift in Sources */ = {isa = PBXBuildFile; fileRef = 30724ACA2C83477800B329CE /* StudentViewModel.swift */; };
		30724AD12C83488C00B329CE /* CoreDataManager.swift in Sources */ = {isa = PBXBuildFile; fileRef = 30724AD02C83488C00B329CE /* CoreDataManager.swift */; };
		30724AD42C83A13900B329CE /* StudentCellView.swift in Sources */ = {isa = PBXBuildFile; fileRef = 30724AD32C83A13900B329CE /* StudentCellView.swift */; };
/* End PBXBuildFile section */

/* Begin PBXFileReference section */
		3009201C2C8E353B007E7FD0 /* MouthCellView.swift */ = {isa = PBXFileReference; lastKnownFileType = sourcecode.swift; path = MouthCellView.swift; sourceTree = "<group>"; };
		3051605C2C8CA9A6001EE377 /* CoachMate.xcdatamodel */ = {isa = PBXFileReference; lastKnownFileType = wrapper.xcdatamodel; path = CoachMate.xcdatamodel; sourceTree = "<group>"; };
		3051605E2C8CAD5C001EE377 /* AddStudentView.swift */ = {isa = PBXFileReference; lastKnownFileType = sourcecode.swift; path = AddStudentView.swift; sourceTree = "<group>"; };
		305160612C8CDF60001EE377 /* TrainingsView.swift */ = {isa = PBXFileReference; lastKnownFileType = sourcecode.swift; path = TrainingsView.swift; sourceTree = "<group>"; };
		305160632C8CE175001EE377 /* TrainingViewModel.swift */ = {isa = PBXFileReference; lastKnownFileType = sourcecode.swift; path = TrainingViewModel.swift; sourceTree = "<group>"; };
		305160652C8CE61E001EE377 /* AddTrainingView.swift */ = {isa = PBXFileReference; lastKnownFileType = sourcecode.swift; path = AddTrainingView.swift; sourceTree = "<group>"; };
		305160672C8CE72C001EE377 /* MultiLineTF.swift */ = {isa = PBXFileReference; lastKnownFileType = sourcecode.swift; path = MultiLineTF.swift; sourceTree = "<group>"; };
		305160692C8E1757001EE377 /* TrainingCellView.swift */ = {isa = PBXFileReference; lastKnownFileType = sourcecode.swift; path = TrainingCellView.swift; sourceTree = "<group>"; };
		3051606D2C8E1C32001EE377 /* TrainingView.swift */ = {isa = PBXFileReference; fileEncoding = 4; lastKnownFileType = sourcecode.swift; path = TrainingView.swift; sourceTree = "<group>"; };
		305160702C8E2B03001EE377 /* SettingView.swift */ = {isa = PBXFileReference; lastKnownFileType = sourcecode.swift; path = SettingView.swift; sourceTree = "<group>"; };
		305160722C8E2B3B001EE377 /* SettingButton.swift */ = {isa = PBXFileReference; lastKnownFileType = sourcecode.swift; path = SettingButton.swift; sourceTree = "<group>"; };
		305160742C8E2B87001EE377 /* webView.swift */ = {isa = PBXFileReference; fileEncoding = 4; lastKnownFileType = sourcecode.swift; path = webView.swift; sourceTree = "<group>"; };
		305160752C8E2B87001EE377 /* WebViewPage.swift */ = {isa = PBXFileReference; fileEncoding = 4; lastKnownFileType = sourcecode.swift; path = WebViewPage.swift; sourceTree = "<group>"; };
		30724AA12C81A30000B329CE /* CoachMate.app */ = {isa = PBXFileReference; explicitFileType = wrapper.application; includeInIndex = 0; path = CoachMate.app; sourceTree = BUILT_PRODUCTS_DIR; };
		30724AA42C81A30000B329CE /* AppDelegate.swift */ = {isa = PBXFileReference; lastKnownFileType = sourcecode.swift; path = AppDelegate.swift; sourceTree = "<group>"; };
		30724AA62C81A30000B329CE /* SceneDelegate.swift */ = {isa = PBXFileReference; lastKnownFileType = sourcecode.swift; path = SceneDelegate.swift; sourceTree = "<group>"; };
		30724AA82C81A30000B329CE /* ViewController.swift */ = {isa = PBXFileReference; lastKnownFileType = sourcecode.swift; path = ViewController.swift; sourceTree = "<group>"; };
		30724AAB2C81A30000B329CE /* Base */ = {isa = PBXFileReference; lastKnownFileType = file.storyboard; name = Base; path = Base.lproj/Main.storyboard; sourceTree = "<group>"; };
		30724AAD2C81A30200B329CE /* Assets.xcassets */ = {isa = PBXFileReference; lastKnownFileType = folder.assetcatalog; path = Assets.xcassets; sourceTree = "<group>"; };
		30724AB02C81A30200B329CE /* Base */ = {isa = PBXFileReference; lastKnownFileType = file.storyboard; name = Base; path = Base.lproj/LaunchScreen.storyboard; sourceTree = "<group>"; };
		30724AB22C81A30200B329CE /* Info.plist */ = {isa = PBXFileReference; lastKnownFileType = text.plist.xml; path = Info.plist; sourceTree = "<group>"; };
		30724ABA2C81A58E00B329CE /* LoadingView.swift */ = {isa = PBXFileReference; lastKnownFileType = sourcecode.swift; path = LoadingView.swift; sourceTree = "<group>"; };
		30724ABD2C81A95E00B329CE /* CustomProgressBar.swift */ = {isa = PBXFileReference; lastKnownFileType = sourcecode.swift; path = CustomProgressBar.swift; sourceTree = "<group>"; };
		30724AC02C831D2F00B329CE /* StatisticsView.swift */ = {isa = PBXFileReference; lastKnownFileType = sourcecode.swift; path = StatisticsView.swift; sourceTree = "<group>"; };
		30724AC22C83203E00B329CE /* StatisticCellView.swift */ = {isa = PBXFileReference; lastKnownFileType = sourcecode.swift; path = StatisticCellView.swift; sourceTree = "<group>"; };
		30724AC42C833FA000B329CE /* CustonButtonView.swift */ = {isa = PBXFileReference; lastKnownFileType = sourcecode.swift; path = CustonButtonView.swift; sourceTree = "<group>"; };
		30724AC72C83422B00B329CE /* StudentsView.swift */ = {isa = PBXFileReference; lastKnownFileType = sourcecode.swift; path = StudentsView.swift; sourceTree = "<group>"; };
		30724ACA2C83477800B329CE /* StudentViewModel.swift */ = {isa = PBXFileReference; lastKnownFileType = sourcecode.swift; path = StudentViewModel.swift; sourceTree = "<group>"; };
		30724AD02C83488C00B329CE /* CoreDataManager.swift */ = {isa = PBXFileReference; lastKnownFileType = sourcecode.swift; path = CoreDataManager.swift; sourceTree = "<group>"; };
		30724AD32C83A13900B329CE /* StudentCellView.swift */ = {isa = PBXFileReference; lastKnownFileType = sourcecode.swift; path = StudentCellView.swift; sourceTree = "<group>"; };
/* End PBXFileReference section */

/* Begin PBXFrameworksBuildPhase section */
		30724A9E2C81A30000B329CE /* Frameworks */ = {
			isa = PBXFrameworksBuildPhase;
			buildActionMask = 2147483647;
			files = (
			);
			runOnlyForDeploymentPostprocessing = 0;
		};
/* End PBXFrameworksBuildPhase section */

/* Begin PBXGroup section */
		305160602C8CDF47001EE377 /* Trainings */ = {
			isa = PBXGroup;
			children = (
				305160612C8CDF60001EE377 /* TrainingsView.swift */,
				305160652C8CE61E001EE377 /* AddTrainingView.swift */,
				3051606D2C8E1C32001EE377 /* TrainingView.swift */,
			);
			path = Trainings;
			sourceTree = "<group>";
		};
		3051606F2C8E2AEF001EE377 /* Settings */ = {
			isa = PBXGroup;
			children = (
				305160742C8E2B87001EE377 /* webView.swift */,
				305160752C8E2B87001EE377 /* WebViewPage.swift */,
				305160702C8E2B03001EE377 /* SettingView.swift */,
			);
			path = Settings;
			sourceTree = "<group>";
		};
		30724A982C81A30000B329CE = {
			isa = PBXGroup;
			children = (
				30724AA32C81A30000B329CE /* CoachMate */,
				30724AA22C81A30000B329CE /* Products */,
			);
			sourceTree = "<group>";
		};
		30724AA22C81A30000B329CE /* Products */ = {
			isa = PBXGroup;
			children = (
				30724AA12C81A30000B329CE /* CoachMate.app */,
			);
			name = Products;
			sourceTree = "<group>";
		};
		30724AA32C81A30000B329CE /* CoachMate */ = {
			isa = PBXGroup;
			children = (
				30724AD22C83A12700B329CE /* Cells */,
				30724ACC2C83479A00B329CE /* CoreData */,
				30724AC92C83475F00B329CE /* ViewModels */,
				30724ABC2C81A93C00B329CE /* Helpers */,
				30724AB82C81A55E00B329CE /* View */,
				30724AA42C81A30000B329CE /* AppDelegate.swift */,
				30724AA62C81A30000B329CE /* SceneDelegate.swift */,
				30724AA82C81A30000B329CE /* ViewController.swift */,
				30724AAA2C81A30000B329CE /* Main.storyboard */,
				30724AAD2C81A30200B329CE /* Assets.xcassets */,
				30724AAF2C81A30200B329CE /* LaunchScreen.storyboard */,
				30724AB22C81A30200B329CE /* Info.plist */,
			);
			path = CoachMate;
			sourceTree = "<group>";
		};
		30724AB82C81A55E00B329CE /* View */ = {
			isa = PBXGroup;
			children = (
				3051606F2C8E2AEF001EE377 /* Settings */,
				305160602C8CDF47001EE377 /* Trainings */,
				30724AC62C83421200B329CE /* Students */,
				30724ABF2C831D0000B329CE /* Statistics */,
				30724AB92C81A57600B329CE /* Loading */,
			);
			path = View;
			sourceTree = "<group>";
		};
		30724AB92C81A57600B329CE /* Loading */ = {
			isa = PBXGroup;
			children = (
				30724ABA2C81A58E00B329CE /* LoadingView.swift */,
			);
			path = Loading;
			sourceTree = "<group>";
		};
		30724ABC2C81A93C00B329CE /* Helpers */ = {
			isa = PBXGroup;
			children = (
				30724ABD2C81A95E00B329CE /* CustomProgressBar.swift */,
				30724AC22C83203E00B329CE /* StatisticCellView.swift */,
				30724AC42C833FA000B329CE /* CustonButtonView.swift */,
				305160672C8CE72C001EE377 /* MultiLineTF.swift */,
				305160722C8E2B3B001EE377 /* SettingButton.swift */,
			);
			path = Helpers;
			sourceTree = "<group>";
		};
		30724ABF2C831D0000B329CE /* Statistics */ = {
			isa = PBXGroup;
			children = (
				30724AC02C831D2F00B329CE /* StatisticsView.swift */,
			);
			path = Statistics;
			sourceTree = "<group>";
		};
		30724AC62C83421200B329CE /* Students */ = {
			isa = PBXGroup;
			children = (
				30724AC72C83422B00B329CE /* StudentsView.swift */,
				3051605E2C8CAD5C001EE377 /* AddStudentView.swift */,
			);
			path = Students;
			sourceTree = "<group>";
		};
		30724AC92C83475F00B329CE /* ViewModels */ = {
			isa = PBXGroup;
			children = (
				30724ACA2C83477800B329CE /* StudentViewModel.swift */,
				305160632C8CE175001EE377 /* TrainingViewModel.swift */,
			);
			path = ViewModels;
			sourceTree = "<group>";
		};
		30724ACC2C83479A00B329CE /* CoreData */ = {
			isa = PBXGroup;
			children = (
				3051605B2C8CA9A6001EE377 /* CoachMate.xcdatamodeld */,
				30724AD02C83488C00B329CE /* CoreDataManager.swift */,
			);
			path = CoreData;
			sourceTree = "<group>";
		};
		30724AD22C83A12700B329CE /* Cells */ = {
			isa = PBXGroup;
			children = (
				30724AD32C83A13900B329CE /* StudentCellView.swift */,
				305160692C8E1757001EE377 /* TrainingCellView.swift */,
				3009201C2C8E353B007E7FD0 /* MouthCellView.swift */,
			);
			path = Cells;
			sourceTree = "<group>";
		};
/* End PBXGroup section */

/* Begin PBXNativeTarget section */
		30724AA02C81A30000B329CE /* CoachMate */ = {
			isa = PBXNativeTarget;
			buildConfigurationList = 30724AB52C81A30200B329CE /* Build configuration list for PBXNativeTarget "CoachMate" */;
			buildPhases = (
				30724A9D2C81A30000B329CE /* Sources */,
				30724A9E2C81A30000B329CE /* Frameworks */,
				30724A9F2C81A30000B329CE /* Resources */,
			);
			buildRules = (
			);
			dependencies = (
			);
			name = CoachMate;
			productName = CoachMate;
			productReference = 30724AA12C81A30000B329CE /* CoachMate.app */;
			productType = "com.apple.product-type.application";
		};
/* End PBXNativeTarget section */

/* Begin PBXProject section */
		30724A992C81A30000B329CE /* Project object */ = {
			isa = PBXProject;
			attributes = {
				BuildIndependentTargetsInParallel = 1;
				LastSwiftUpdateCheck = 1540;
				LastUpgradeCheck = 1540;
				TargetAttributes = {
					30724AA02C81A30000B329CE = {
						CreatedOnToolsVersion = 15.4;
					};
				};
			};
			buildConfigurationList = 30724A9C2C81A30000B329CE /* Build configuration list for PBXProject "CoachMate" */;
			compatibilityVersion = "Xcode 14.0";
			developmentRegion = en;
			hasScannedForEncodings = 0;
			knownRegions = (
				en,
				Base,
			);
			mainGroup = 30724A982C81A30000B329CE;
			productRefGroup = 30724AA22C81A30000B329CE /* Products */;
			projectDirPath = "";
			projectRoot = "";
			targets = (
				30724AA02C81A30000B329CE /* CoachMate */,
			);
		};
/* End PBXProject section */

/* Begin PBXResourcesBuildPhase section */
		30724A9F2C81A30000B329CE /* Resources */ = {
			isa = PBXResourcesBuildPhase;
			buildActionMask = 2147483647;
			files = (
				30724AAE2C81A30200B329CE /* Assets.xcassets in Resources */,
				30724AB12C81A30200B329CE /* Base in Resources */,
				30724AAC2C81A30000B329CE /* Base in Resources */,
			);
			runOnlyForDeploymentPostprocessing = 0;
		};
/* End PBXResourcesBuildPhase section */

/* Begin PBXSourcesBuildPhase section */
		30724A9D2C81A30000B329CE /* Sources */ = {
			isa = PBXSourcesBuildPhase;
			buildActionMask = 2147483647;
			files = (
				30724AC32C83203E00B329CE /* StatisticCellView.swift in Sources */,
				30724AA92C81A30000B329CE /* ViewController.swift in Sources */,
				3051605F2C8CAD5C001EE377 /* AddStudentView.swift in Sources */,
				305160712C8E2B03001EE377 /* SettingView.swift in Sources */,
				30724ACB2C83477800B329CE /* StudentViewModel.swift in Sources */,
				30724AC12C831D2F00B329CE /* StatisticsView.swift in Sources */,
				30724ABB2C81A58E00B329CE /* LoadingView.swift in Sources */,
				30724AC52C833FA000B329CE /* CustonButtonView.swift in Sources */,
				30724AD12C83488C00B329CE /* CoreDataManager.swift in Sources */,
				3051606A2C8E1757001EE377 /* TrainingCellView.swift in Sources */,
				305160772C8E2B88001EE377 /* WebViewPage.swift in Sources */,
				30724AC82C83422B00B329CE /* StudentsView.swift in Sources */,
				30724AD42C83A13900B329CE /* StudentCellView.swift in Sources */,
				305160642C8CE175001EE377 /* TrainingViewModel.swift in Sources */,
				305160762C8E2B88001EE377 /* webView.swift in Sources */,
				3051606E2C8E1C32001EE377 /* TrainingView.swift in Sources */,
				30724AA52C81A30000B329CE /* AppDelegate.swift in Sources */,
				305160662C8CE61E001EE377 /* AddTrainingView.swift in Sources */,
				305160682C8CE72C001EE377 /* MultiLineTF.swift in Sources */,
				30724ABE2C81A95E00B329CE /* CustomProgressBar.swift in Sources */,
				305160622C8CDF60001EE377 /* TrainingsView.swift in Sources */,
				3051605D2C8CA9A6001EE377 /* CoachMate.xcdatamodeld in Sources */,
				305160732C8E2B3B001EE377 /* SettingButton.swift in Sources */,
				30724AA72C81A30000B329CE /* SceneDelegate.swift in Sources */,
				3009201D2C8E353B007E7FD0 /* MouthCellView.swift in Sources */,
			);
			runOnlyForDeploymentPostprocessing = 0;
		};
/* End PBXSourcesBuildPhase section */

/* Begin PBXVariantGroup section */
		30724AAA2C81A30000B329CE /* Main.storyboard */ = {
			isa = PBXVariantGroup;
			children = (
				30724AAB2C81A30000B329CE /* Base */,
			);
			name = Main.storyboard;
			sourceTree = "<group>";
		};
		30724AAF2C81A30200B329CE /* LaunchScreen.storyboard */ = {
			isa = PBXVariantGroup;
			children = (
				30724AB02C81A30200B329CE /* Base */,
			);
			name = LaunchScreen.storyboard;
			sourceTree = "<group>";
		};
/* End PBXVariantGroup section */

/* Begin XCBuildConfiguration section */
		30724AB32C81A30200B329CE /* Debug */ = {
			isa = XCBuildConfiguration;
			buildSettings = {
				ALWAYS_SEARCH_USER_PATHS = NO;
				ASSETCATALOG_COMPILER_GENERATE_SWIFT_ASSET_SYMBOL_EXTENSIONS = YES;
				CLANG_ANALYZER_NONNULL = YES;
				CLANG_ANALYZER_NUMBER_OBJECT_CONVERSION = YES_AGGRESSIVE;
				CLANG_CXX_LANGUAGE_STANDARD = "gnu++20";
				CLANG_ENABLE_MODULES = YES;
				CLANG_ENABLE_OBJC_ARC = YES;
				CLANG_ENABLE_OBJC_WEAK = YES;
				CLANG_WARN_BLOCK_CAPTURE_AUTORELEASING = YES;
				CLANG_WARN_BOOL_CONVERSION = YES;
				CLANG_WARN_COMMA = YES;
				CLANG_WARN_CONSTANT_CONVERSION = YES;
				CLANG_WARN_DEPRECATED_OBJC_IMPLEMENTATIONS = YES;
				CLANG_WARN_DIRECT_OBJC_ISA_USAGE = YES_ERROR;
				CLANG_WARN_DOCUMENTATION_COMMENTS = YES;
				CLANG_WARN_EMPTY_BODY = YES;
				CLANG_WARN_ENUM_CONVERSION = YES;
				CLANG_WARN_INFINITE_RECURSION = YES;
				CLANG_WARN_INT_CONVERSION = YES;
				CLANG_WARN_NON_LITERAL_NULL_CONVERSION = YES;
				CLANG_WARN_OBJC_IMPLICIT_RETAIN_SELF = YES;
				CLANG_WARN_OBJC_LITERAL_CONVERSION = YES;
				CLANG_WARN_OBJC_ROOT_CLASS = YES_ERROR;
				CLANG_WARN_QUOTED_INCLUDE_IN_FRAMEWORK_HEADER = YES;
				CLANG_WARN_RANGE_LOOP_ANALYSIS = YES;
				CLANG_WARN_STRICT_PROTOTYPES = YES;
				CLANG_WARN_SUSPICIOUS_MOVE = YES;
				CLANG_WARN_UNGUARDED_AVAILABILITY = YES_AGGRESSIVE;
				CLANG_WARN_UNREACHABLE_CODE = YES;
				CLANG_WARN__DUPLICATE_METHOD_MATCH = YES;
				COPY_PHASE_STRIP = NO;
				DEBUG_INFORMATION_FORMAT = dwarf;
				ENABLE_STRICT_OBJC_MSGSEND = YES;
				ENABLE_TESTABILITY = YES;
				ENABLE_USER_SCRIPT_SANDBOXING = YES;
				GCC_C_LANGUAGE_STANDARD = gnu17;
				GCC_DYNAMIC_NO_PIC = NO;
				GCC_NO_COMMON_BLOCKS = YES;
				GCC_OPTIMIZATION_LEVEL = 0;
				GCC_PREPROCESSOR_DEFINITIONS = (
					"DEBUG=1",
					"$(inherited)",
				);
				GCC_WARN_64_TO_32_BIT_CONVERSION = YES;
				GCC_WARN_ABOUT_RETURN_TYPE = YES_ERROR;
				GCC_WARN_UNDECLARED_SELECTOR = YES;
				GCC_WARN_UNINITIALIZED_AUTOS = YES_AGGRESSIVE;
				GCC_WARN_UNUSED_FUNCTION = YES;
				GCC_WARN_UNUSED_VARIABLE = YES;
				IPHONEOS_DEPLOYMENT_TARGET = 17.5;
				LOCALIZATION_PREFERS_STRING_CATALOGS = YES;
				MTL_ENABLE_DEBUG_INFO = INCLUDE_SOURCE;
				MTL_FAST_MATH = YES;
				ONLY_ACTIVE_ARCH = YES;
				SDKROOT = iphoneos;
				SWIFT_ACTIVE_COMPILATION_CONDITIONS = "DEBUG $(inherited)";
				SWIFT_OPTIMIZATION_LEVEL = "-Onone";
			};
			name = Debug;
		};
		30724AB42C81A30200B329CE /* Release */ = {
			isa = XCBuildConfiguration;
			buildSettings = {
				ALWAYS_SEARCH_USER_PATHS = NO;
				ASSETCATALOG_COMPILER_GENERATE_SWIFT_ASSET_SYMBOL_EXTENSIONS = YES;
				CLANG_ANALYZER_NONNULL = YES;
				CLANG_ANALYZER_NUMBER_OBJECT_CONVERSION = YES_AGGRESSIVE;
				CLANG_CXX_LANGUAGE_STANDARD = "gnu++20";
				CLANG_ENABLE_MODULES = YES;
				CLANG_ENABLE_OBJC_ARC = YES;
				CLANG_ENABLE_OBJC_WEAK = YES;
				CLANG_WARN_BLOCK_CAPTURE_AUTORELEASING = YES;
				CLANG_WARN_BOOL_CONVERSION = YES;
				CLANG_WARN_COMMA = YES;
				CLANG_WARN_CONSTANT_CONVERSION = YES;
				CLANG_WARN_DEPRECATED_OBJC_IMPLEMENTATIONS = YES;
				CLANG_WARN_DIRECT_OBJC_ISA_USAGE = YES_ERROR;
				CLANG_WARN_DOCUMENTATION_COMMENTS = YES;
				CLANG_WARN_EMPTY_BODY = YES;
				CLANG_WARN_ENUM_CONVERSION = YES;
				CLANG_WARN_INFINITE_RECURSION = YES;
				CLANG_WARN_INT_CONVERSION = YES;
				CLANG_WARN_NON_LITERAL_NULL_CONVERSION = YES;
				CLANG_WARN_OBJC_IMPLICIT_RETAIN_SELF = YES;
				CLANG_WARN_OBJC_LITERAL_CONVERSION = YES;
				CLANG_WARN_OBJC_ROOT_CLASS = YES_ERROR;
				CLANG_WARN_QUOTED_INCLUDE_IN_FRAMEWORK_HEADER = YES;
				CLANG_WARN_RANGE_LOOP_ANALYSIS = YES;
				CLANG_WARN_STRICT_PROTOTYPES = YES;
				CLANG_WARN_SUSPICIOUS_MOVE = YES;
				CLANG_WARN_UNGUARDED_AVAILABILITY = YES_AGGRESSIVE;
				CLANG_WARN_UNREACHABLE_CODE = YES;
				CLANG_WARN__DUPLICATE_METHOD_MATCH = YES;
				COPY_PHASE_STRIP = NO;
				DEBUG_INFORMATION_FORMAT = "dwarf-with-dsym";
				ENABLE_NS_ASSERTIONS = NO;
				ENABLE_STRICT_OBJC_MSGSEND = YES;
				ENABLE_USER_SCRIPT_SANDBOXING = YES;
				GCC_C_LANGUAGE_STANDARD = gnu17;
				GCC_NO_COMMON_BLOCKS = YES;
				GCC_WARN_64_TO_32_BIT_CONVERSION = YES;
				GCC_WARN_ABOUT_RETURN_TYPE = YES_ERROR;
				GCC_WARN_UNDECLARED_SELECTOR = YES;
				GCC_WARN_UNINITIALIZED_AUTOS = YES_AGGRESSIVE;
				GCC_WARN_UNUSED_FUNCTION = YES;
				GCC_WARN_UNUSED_VARIABLE = YES;
				IPHONEOS_DEPLOYMENT_TARGET = 17.5;
				LOCALIZATION_PREFERS_STRING_CATALOGS = YES;
				MTL_ENABLE_DEBUG_INFO = NO;
				MTL_FAST_MATH = YES;
				SDKROOT = iphoneos;
				SWIFT_COMPILATION_MODE = wholemodule;
				VALIDATE_PRODUCT = YES;
			};
			name = Release;
		};
		30724AB62C81A30200B329CE /* Debug */ = {
			isa = XCBuildConfiguration;
			buildSettings = {
				ASSETCATALOG_COMPILER_APPICON_NAME = AppIcon;
				ASSETCATALOG_COMPILER_GLOBAL_ACCENT_COLOR_NAME = AccentColor;
				CODE_SIGN_STYLE = Automatic;
				CURRENT_PROJECT_VERSION = 1;
				GENERATE_INFOPLIST_FILE = YES;
				INFOPLIST_FILE = CoachMate/Info.plist;
				INFOPLIST_KEY_UIApplicationSupportsIndirectInputEvents = YES;
				INFOPLIST_KEY_UILaunchStoryboardName = LaunchScreen;
				INFOPLIST_KEY_UIMainStoryboardFile = Main;
				INFOPLIST_KEY_UISupportedInterfaceOrientations = UIInterfaceOrientationPortrait;
				INFOPLIST_KEY_UISupportedInterfaceOrientations_iPad = "UIInterfaceOrientationLandscapeLeft UIInterfaceOrientationLandscapeRight UIInterfaceOrientationPortrait UIInterfaceOrientationPortraitUpsideDown";
				IPHONEOS_DEPLOYMENT_TARGET = 15.0;
				LD_RUNPATH_SEARCH_PATHS = (
					"$(inherited)",
					"@executable_path/Frameworks",
				);
				MARKETING_VERSION = 1.0;
				PRODUCT_BUNDLE_IDENTIFIER = home.CoachMate;
				PRODUCT_NAME = "$(TARGET_NAME)";
				SUPPORTED_PLATFORMS = "iphoneos iphonesimulator";
				SUPPORTS_MACCATALYST = NO;
				SUPPORTS_MAC_DESIGNED_FOR_IPHONE_IPAD = NO;
				SUPPORTS_XR_DESIGNED_FOR_IPHONE_IPAD = NO;
				SWIFT_EMIT_LOC_STRINGS = YES;
				SWIFT_VERSION = 5.0;
				TARGETED_DEVICE_FAMILY = 1;
			};
			name = Debug;
		};
		30724AB72C81A30200B329CE /* Release */ = {
			isa = XCBuildConfiguration;
			buildSettings = {
				ASSETCATALOG_COMPILER_APPICON_NAME = AppIcon;
				ASSETCATALOG_COMPILER_GLOBAL_ACCENT_COLOR_NAME = AccentColor;
				CODE_SIGN_STYLE = Automatic;
				CURRENT_PROJECT_VERSION = 1;
				GENERATE_INFOPLIST_FILE = YES;
				INFOPLIST_FILE = CoachMate/Info.plist;
				INFOPLIST_KEY_UIApplicationSupportsIndirectInputEvents = YES;
				INFOPLIST_KEY_UILaunchStoryboardName = LaunchScreen;
				INFOPLIST_KEY_UIMainStoryboardFile = Main;
				INFOPLIST_KEY_UISupportedInterfaceOrientations = UIInterfaceOrientationPortrait;
				INFOPLIST_KEY_UISupportedInterfaceOrientations_iPad = "UIInterfaceOrientationLandscapeLeft UIInterfaceOrientationLandscapeRight UIInterfaceOrientationPortrait UIInterfaceOrientationPortraitUpsideDown";
				IPHONEOS_DEPLOYMENT_TARGET = 15.0;
				LD_RUNPATH_SEARCH_PATHS = (
					"$(inherited)",
					"@executable_path/Frameworks",
				);
				MARKETING_VERSION = 1.0;
				PRODUCT_BUNDLE_IDENTIFIER = home.CoachMate;
				PRODUCT_NAME = "$(TARGET_NAME)";
				SUPPORTED_PLATFORMS = "iphoneos iphonesimulator";
				SUPPORTS_MACCATALYST = NO;
				SUPPORTS_MAC_DESIGNED_FOR_IPHONE_IPAD = NO;
				SUPPORTS_XR_DESIGNED_FOR_IPHONE_IPAD = NO;
				SWIFT_EMIT_LOC_STRINGS = YES;
				SWIFT_VERSION = 5.0;
				TARGETED_DEVICE_FAMILY = 1;
			};
			name = Release;
		};
/* End XCBuildConfiguration section */

/* Begin XCConfigurationList section */
		30724A9C2C81A30000B329CE /* Build configuration list for PBXProject "CoachMate" */ = {
			isa = XCConfigurationList;
			buildConfigurations = (
				30724AB32C81A30200B329CE /* Debug */,
				30724AB42C81A30200B329CE /* Release */,
			);
			defaultConfigurationIsVisible = 0;
			defaultConfigurationName = Release;
		};
		30724AB52C81A30200B329CE /* Build configuration list for PBXNativeTarget "CoachMate" */ = {
			isa = XCConfigurationList;
			buildConfigurations = (
				30724AB62C81A30200B329CE /* Debug */,
				30724AB72C81A30200B329CE /* Release */,
			);
			defaultConfigurationIsVisible = 0;
			defaultConfigurationName = Release;
		};
/* End XCConfigurationList section */

/* Begin XCVersionGroup section */
		3051605B2C8CA9A6001EE377 /* CoachMate.xcdatamodeld */ = {
			isa = XCVersionGroup;
			children = (
				3051605C2C8CA9A6001EE377 /* CoachMate.xcdatamodel */,
			);
			currentVersion = 3051605C2C8CA9A6001EE377 /* CoachMate.xcdatamodel */;
			name = CoachMate.xcdatamodeld;
			path = "/Users/roman/Downloads/XcodeProgramm/1 comand/CoachMate/CoachMate/CoreData/CoachMate.xcdatamodeld";
			sourceTree = "<group>";
			versionGroupType = wrapper.xcdatamodel;
		};
/* End XCVersionGroup section */
	};
	rootObject = 30724A992C81A30000B329CE /* Project object */;
}
